github.com/gorilla/websocket v1.4.2 h1:+/TMaTYc4QFitKJxsQ7Yye35DkWvkdLcvGKqM+x0Ufc=
github.com/gorilla/websocket v1.4.2/go.mod h1:YR8l580nyteQvAITg2hZ9XVh4b55+EU/adAjf1fMHhE=
github.com/ouqiang/goproxy v1.1.0 h1:9r55IDVCg12F3gooiua6qv1mgeH/eQV76hQ8IW1p2KU=
github.com/ouqiang/goproxy v1.1.0/go.mod h1:99ZSVMJPQ0d3L9Nt28CJSwFOi6K1J5nVzA+o1QJ2XHE=
github.com/sacOO7/go-logger v0.0.0-20180719173527-9ac9add5a50d h1:5T+fbRuQbpi+WZtB2yfuu59r00F6T2HV/zGYrwX8nvE=
github.com/sacOO7/go-logger v0.0.0-20180719173527-9ac9add5a50d/go.mod h1:L5EJe2k8GwpBoGXDRLAEs58R239jpZuE7NNEtW+T7oo=
github.com/sacOO7/gowebsocket v0.0.0-20201031204121-1620b8bfa516 h1:62lE1uVP2nfGTRxZmJ7D2IGlpxSM47+tUYhlYZZcEvk=
github.com/sacOO7/gowebsocket v0.0.0-20201031204121-1620b8bfa516/go.mod h1:4a2a9BlxB807BaME8FJzQRLrZwYKj0cWjon25PlIssM=
